
Microsoft Visual Studio Solution File, Format Version 12.00
# Visual Studio 15
VisualStudioVersion = 15.0.27703.2000
MinimumVisualStudioVersion = 10.0.40219.1
Project("{FAE04EC0-301F-11D3-BF4B-00C04F79EFBC}") = "SSBakery.Android", "SSBakery\Android\SSBakery.Android.csproj", "{BC049E2B-428E-4E2F-BA60-46EE6D18B9F2}"
EndProject
Project("{FAE04EC0-301F-11D3-BF4B-00C04F79EFBC}") = "SSBakery.iOS", "SSBakery\iOS\SSBakery.iOS.csproj", "{DB38BD38-D00B-4B19-B547-B98B7551D18B}"
EndProject
Project("{9A19103F-16F7-4668-BE54-9A1E7A4F7556}") = "SSBakery.UI", "SSBakery\UI\SSBakery.UI.csproj", "{9B8AD95F-353C-4565-87AF-B51A17F5D84F}"
EndProject
Project("{2150E333-8FDC-42A3-9474-1A3956D46DE8}") = "Tests", "Tests", "{26C6A1F9-D4A3-4394-9B85-6B020B15B649}"
EndProject
Project("{FAE04EC0-301F-11D3-BF4B-00C04F79EFBC}") = "SSBakery.Tests", "SSBakery.Tests\SSBakery.Tests.csproj", "{2E3DF5C2-8A38-4A03-86D7-8D463C917E47}"
EndProject
Project("{9A19103F-16F7-4668-BE54-9A1E7A4F7556}") = "SSBakery.Core", "SSBakery.Core\SSBakery.Core.csproj", "{44CE511A-0366-4A24-A0A5-A284328F8851}"
EndProject
Project("{2150E333-8FDC-42A3-9474-1A3956D46DE8}") = "Solution Items", "Solution Items", "{C8A6CFC2-F394-4DD4-95EC-170CC66B5C11}"
	ProjectSection(SolutionItems) = preProject
		stylecop.json = stylecop.json
	EndProjectSection
EndProject
Project("{2150E333-8FDC-42A3-9474-1A3956D46DE8}") = "CustomerApp", "CustomerApp", "{2C49B22B-D5FF-44C4-9062-FDB962AEABE6}"
EndProject
Project("{2150E333-8FDC-42A3-9474-1A3956D46DE8}") = "AdminApp", "AdminApp", "{F3B6609A-383A-44AF-A889-07F98B2490E4}"
EndProject
Project("{FAE04EC0-301F-11D3-BF4B-00C04F79EFBC}") = "SSBakeryAdmin.iOS", "SSBakeryAdmin\iOS\SSBakeryAdmin.iOS.csproj", "{E199F807-184C-471C-9F53-CDE83C7007A0}"
EndProject
Project("{FAE04EC0-301F-11D3-BF4B-00C04F79EFBC}") = "SSBakeryAdmin.UWP", "SSBakeryAdmin\UWP\SSBakeryAdmin.UWP.csproj", "{8D5AD1DE-415F-4972-A95D-2DB58F8380DC}"
EndProject
Project("{9A19103F-16F7-4668-BE54-9A1E7A4F7556}") = "SSBakeryAdmin.UI", "SSBakeryAdmin\UI\SSBakeryAdmin.UI.csproj", "{9308D152-875B-4DCB-97C8-EBF1FFD70E0F}"
EndProject
Global
	GlobalSection(SolutionConfigurationPlatforms) = preSolution
		Ad-Hoc|Any CPU = Ad-Hoc|Any CPU
		Ad-Hoc|ARM = Ad-Hoc|ARM
		Ad-Hoc|iPhone = Ad-Hoc|iPhone
		Ad-Hoc|iPhoneSimulator = Ad-Hoc|iPhoneSimulator
		Ad-Hoc|x64 = Ad-Hoc|x64
		Ad-Hoc|x86 = Ad-Hoc|x86
		AppStore|Any CPU = AppStore|Any CPU
		AppStore|ARM = AppStore|ARM
		AppStore|iPhone = AppStore|iPhone
		AppStore|iPhoneSimulator = AppStore|iPhoneSimulator
		AppStore|x64 = AppStore|x64
		AppStore|x86 = AppStore|x86
		Debug|Any CPU = Debug|Any CPU
		Debug|ARM = Debug|ARM
		Debug|iPhone = Debug|iPhone
		Debug|iPhoneSimulator = Debug|iPhoneSimulator
		Debug|x64 = Debug|x64
		Debug|x86 = Debug|x86
		Release|Any CPU = Release|Any CPU
		Release|ARM = Release|ARM
		Release|iPhone = Release|iPhone
		Release|iPhoneSimulator = Release|iPhoneSimulator
		Release|x64 = Release|x64
		Release|x86 = Release|x86
	EndGlobalSection
	GlobalSection(ProjectConfigurationPlatforms) = postSolution
		{BC049E2B-428E-4E2F-BA60-46EE6D18B9F2}.Ad-Hoc|Any CPU.ActiveCfg = Release|Any CPU
		{BC049E2B-428E-4E2F-BA60-46EE6D18B9F2}.Ad-Hoc|Any CPU.Build.0 = Release|Any CPU
		{BC049E2B-428E-4E2F-BA60-46EE6D18B9F2}.Ad-Hoc|Any CPU.Deploy.0 = Release|Any CPU
		{BC049E2B-428E-4E2F-BA60-46EE6D18B9F2}.Ad-Hoc|ARM.ActiveCfg = Release|Any CPU
		{BC049E2B-428E-4E2F-BA60-46EE6D18B9F2}.Ad-Hoc|ARM.Build.0 = Release|Any CPU
		{BC049E2B-428E-4E2F-BA60-46EE6D18B9F2}.Ad-Hoc|ARM.Deploy.0 = Release|Any CPU
		{BC049E2B-428E-4E2F-BA60-46EE6D18B9F2}.Ad-Hoc|iPhone.ActiveCfg = Release|Any CPU
		{BC049E2B-428E-4E2F-BA60-46EE6D18B9F2}.Ad-Hoc|iPhone.Build.0 = Release|Any CPU
		{BC049E2B-428E-4E2F-BA60-46EE6D18B9F2}.Ad-Hoc|iPhone.Deploy.0 = Release|Any CPU
		{BC049E2B-428E-4E2F-BA60-46EE6D18B9F2}.Ad-Hoc|iPhoneSimulator.ActiveCfg = Release|Any CPU
		{BC049E2B-428E-4E2F-BA60-46EE6D18B9F2}.Ad-Hoc|iPhoneSimulator.Build.0 = Release|Any CPU
		{BC049E2B-428E-4E2F-BA60-46EE6D18B9F2}.Ad-Hoc|iPhoneSimulator.Deploy.0 = Release|Any CPU
		{BC049E2B-428E-4E2F-BA60-46EE6D18B9F2}.Ad-Hoc|x64.ActiveCfg = Release|Any CPU
		{BC049E2B-428E-4E2F-BA60-46EE6D18B9F2}.Ad-Hoc|x64.Build.0 = Release|Any CPU
		{BC049E2B-428E-4E2F-BA60-46EE6D18B9F2}.Ad-Hoc|x64.Deploy.0 = Release|Any CPU
		{BC049E2B-428E-4E2F-BA60-46EE6D18B9F2}.Ad-Hoc|x86.ActiveCfg = Release|Any CPU
		{BC049E2B-428E-4E2F-BA60-46EE6D18B9F2}.Ad-Hoc|x86.Build.0 = Release|Any CPU
		{BC049E2B-428E-4E2F-BA60-46EE6D18B9F2}.Ad-Hoc|x86.Deploy.0 = Release|Any CPU
		{BC049E2B-428E-4E2F-BA60-46EE6D18B9F2}.AppStore|Any CPU.ActiveCfg = Release|Any CPU
		{BC049E2B-428E-4E2F-BA60-46EE6D18B9F2}.AppStore|Any CPU.Build.0 = Release|Any CPU
		{BC049E2B-428E-4E2F-BA60-46EE6D18B9F2}.AppStore|Any CPU.Deploy.0 = Release|Any CPU
		{BC049E2B-428E-4E2F-BA60-46EE6D18B9F2}.AppStore|ARM.ActiveCfg = Release|Any CPU
		{BC049E2B-428E-4E2F-BA60-46EE6D18B9F2}.AppStore|ARM.Build.0 = Release|Any CPU
		{BC049E2B-428E-4E2F-BA60-46EE6D18B9F2}.AppStore|ARM.Deploy.0 = Release|Any CPU
		{BC049E2B-428E-4E2F-BA60-46EE6D18B9F2}.AppStore|iPhone.ActiveCfg = Release|Any CPU
		{BC049E2B-428E-4E2F-BA60-46EE6D18B9F2}.AppStore|iPhone.Build.0 = Release|Any CPU
		{BC049E2B-428E-4E2F-BA60-46EE6D18B9F2}.AppStore|iPhone.Deploy.0 = Release|Any CPU
		{BC049E2B-428E-4E2F-BA60-46EE6D18B9F2}.AppStore|iPhoneSimulator.ActiveCfg = Release|Any CPU
		{BC049E2B-428E-4E2F-BA60-46EE6D18B9F2}.AppStore|iPhoneSimulator.Build.0 = Release|Any CPU
		{BC049E2B-428E-4E2F-BA60-46EE6D18B9F2}.AppStore|iPhoneSimulator.Deploy.0 = Release|Any CPU
		{BC049E2B-428E-4E2F-BA60-46EE6D18B9F2}.AppStore|x64.ActiveCfg = Release|Any CPU
		{BC049E2B-428E-4E2F-BA60-46EE6D18B9F2}.AppStore|x64.Build.0 = Release|Any CPU
		{BC049E2B-428E-4E2F-BA60-46EE6D18B9F2}.AppStore|x64.Deploy.0 = Release|Any CPU
		{BC049E2B-428E-4E2F-BA60-46EE6D18B9F2}.AppStore|x86.ActiveCfg = Release|Any CPU
		{BC049E2B-428E-4E2F-BA60-46EE6D18B9F2}.AppStore|x86.Build.0 = Release|Any CPU
		{BC049E2B-428E-4E2F-BA60-46EE6D18B9F2}.AppStore|x86.Deploy.0 = Release|Any CPU
		{BC049E2B-428E-4E2F-BA60-46EE6D18B9F2}.Debug|Any CPU.ActiveCfg = Debug|Any CPU
		{BC049E2B-428E-4E2F-BA60-46EE6D18B9F2}.Debug|Any CPU.Build.0 = Debug|Any CPU
		{BC049E2B-428E-4E2F-BA60-46EE6D18B9F2}.Debug|Any CPU.Deploy.0 = Debug|Any CPU
		{BC049E2B-428E-4E2F-BA60-46EE6D18B9F2}.Debug|ARM.ActiveCfg = Debug|Any CPU
		{BC049E2B-428E-4E2F-BA60-46EE6D18B9F2}.Debug|ARM.Build.0 = Debug|Any CPU
		{BC049E2B-428E-4E2F-BA60-46EE6D18B9F2}.Debug|ARM.Deploy.0 = Debug|Any CPU
		{BC049E2B-428E-4E2F-BA60-46EE6D18B9F2}.Debug|iPhone.ActiveCfg = Debug|Any CPU
		{BC049E2B-428E-4E2F-BA60-46EE6D18B9F2}.Debug|iPhone.Build.0 = Debug|Any CPU
		{BC049E2B-428E-4E2F-BA60-46EE6D18B9F2}.Debug|iPhone.Deploy.0 = Debug|Any CPU
		{BC049E2B-428E-4E2F-BA60-46EE6D18B9F2}.Debug|iPhoneSimulator.ActiveCfg = Debug|Any CPU
		{BC049E2B-428E-4E2F-BA60-46EE6D18B9F2}.Debug|iPhoneSimulator.Build.0 = Debug|Any CPU
		{BC049E2B-428E-4E2F-BA60-46EE6D18B9F2}.Debug|iPhoneSimulator.Deploy.0 = Debug|Any CPU
		{BC049E2B-428E-4E2F-BA60-46EE6D18B9F2}.Debug|x64.ActiveCfg = Debug|Any CPU
		{BC049E2B-428E-4E2F-BA60-46EE6D18B9F2}.Debug|x64.Build.0 = Debug|Any CPU
		{BC049E2B-428E-4E2F-BA60-46EE6D18B9F2}.Debug|x64.Deploy.0 = Debug|Any CPU
		{BC049E2B-428E-4E2F-BA60-46EE6D18B9F2}.Debug|x86.ActiveCfg = Debug|Any CPU
		{BC049E2B-428E-4E2F-BA60-46EE6D18B9F2}.Debug|x86.Build.0 = Debug|Any CPU
		{BC049E2B-428E-4E2F-BA60-46EE6D18B9F2}.Debug|x86.Deploy.0 = Debug|Any CPU
		{BC049E2B-428E-4E2F-BA60-46EE6D18B9F2}.Release|Any CPU.ActiveCfg = Release|Any CPU
		{BC049E2B-428E-4E2F-BA60-46EE6D18B9F2}.Release|Any CPU.Build.0 = Release|Any CPU
		{BC049E2B-428E-4E2F-BA60-46EE6D18B9F2}.Release|Any CPU.Deploy.0 = Release|Any CPU
		{BC049E2B-428E-4E2F-BA60-46EE6D18B9F2}.Release|ARM.ActiveCfg = Release|Any CPU
		{BC049E2B-428E-4E2F-BA60-46EE6D18B9F2}.Release|ARM.Build.0 = Release|Any CPU
		{BC049E2B-428E-4E2F-BA60-46EE6D18B9F2}.Release|ARM.Deploy.0 = Release|Any CPU
		{BC049E2B-428E-4E2F-BA60-46EE6D18B9F2}.Release|iPhone.ActiveCfg = Release|Any CPU
		{BC049E2B-428E-4E2F-BA60-46EE6D18B9F2}.Release|iPhone.Build.0 = Release|Any CPU
		{BC049E2B-428E-4E2F-BA60-46EE6D18B9F2}.Release|iPhone.Deploy.0 = Release|Any CPU
		{BC049E2B-428E-4E2F-BA60-46EE6D18B9F2}.Release|iPhoneSimulator.ActiveCfg = Release|Any CPU
		{BC049E2B-428E-4E2F-BA60-46EE6D18B9F2}.Release|iPhoneSimulator.Build.0 = Release|Any CPU
		{BC049E2B-428E-4E2F-BA60-46EE6D18B9F2}.Release|iPhoneSimulator.Deploy.0 = Release|Any CPU
		{BC049E2B-428E-4E2F-BA60-46EE6D18B9F2}.Release|x64.ActiveCfg = Release|Any CPU
		{BC049E2B-428E-4E2F-BA60-46EE6D18B9F2}.Release|x64.Build.0 = Release|Any CPU
		{BC049E2B-428E-4E2F-BA60-46EE6D18B9F2}.Release|x64.Deploy.0 = Release|Any CPU
		{BC049E2B-428E-4E2F-BA60-46EE6D18B9F2}.Release|x86.ActiveCfg = Release|Any CPU
		{BC049E2B-428E-4E2F-BA60-46EE6D18B9F2}.Release|x86.Build.0 = Release|Any CPU
		{BC049E2B-428E-4E2F-BA60-46EE6D18B9F2}.Release|x86.Deploy.0 = Release|Any CPU
		{DB38BD38-D00B-4B19-B547-B98B7551D18B}.Ad-Hoc|Any CPU.ActiveCfg = Release|iPhoneSimulator
		{DB38BD38-D00B-4B19-B547-B98B7551D18B}.Ad-Hoc|Any CPU.Build.0 = Release|iPhoneSimulator
		{DB38BD38-D00B-4B19-B547-B98B7551D18B}.Ad-Hoc|ARM.ActiveCfg = Release|iPhoneSimulator
		{DB38BD38-D00B-4B19-B547-B98B7551D18B}.Ad-Hoc|ARM.Build.0 = Release|iPhoneSimulator
		{DB38BD38-D00B-4B19-B547-B98B7551D18B}.Ad-Hoc|iPhone.ActiveCfg = Release|iPhone
		{DB38BD38-D00B-4B19-B547-B98B7551D18B}.Ad-Hoc|iPhone.Build.0 = Release|iPhone
		{DB38BD38-D00B-4B19-B547-B98B7551D18B}.Ad-Hoc|iPhoneSimulator.ActiveCfg = Release|iPhoneSimulator
		{DB38BD38-D00B-4B19-B547-B98B7551D18B}.Ad-Hoc|iPhoneSimulator.Build.0 = Release|iPhoneSimulator
		{DB38BD38-D00B-4B19-B547-B98B7551D18B}.Ad-Hoc|x64.ActiveCfg = Release|iPhoneSimulator
		{DB38BD38-D00B-4B19-B547-B98B7551D18B}.Ad-Hoc|x64.Build.0 = Release|iPhoneSimulator
		{DB38BD38-D00B-4B19-B547-B98B7551D18B}.Ad-Hoc|x86.ActiveCfg = Release|iPhoneSimulator
		{DB38BD38-D00B-4B19-B547-B98B7551D18B}.Ad-Hoc|x86.Build.0 = Release|iPhoneSimulator
		{DB38BD38-D00B-4B19-B547-B98B7551D18B}.AppStore|Any CPU.ActiveCfg = Release|iPhoneSimulator
		{DB38BD38-D00B-4B19-B547-B98B7551D18B}.AppStore|Any CPU.Build.0 = Release|iPhoneSimulator
		{DB38BD38-D00B-4B19-B547-B98B7551D18B}.AppStore|ARM.ActiveCfg = Release|iPhoneSimulator
		{DB38BD38-D00B-4B19-B547-B98B7551D18B}.AppStore|ARM.Build.0 = Release|iPhoneSimulator
		{DB38BD38-D00B-4B19-B547-B98B7551D18B}.AppStore|iPhone.ActiveCfg = Release|iPhone
		{DB38BD38-D00B-4B19-B547-B98B7551D18B}.AppStore|iPhone.Build.0 = Release|iPhone
		{DB38BD38-D00B-4B19-B547-B98B7551D18B}.AppStore|iPhoneSimulator.ActiveCfg = Release|iPhoneSimulator
		{DB38BD38-D00B-4B19-B547-B98B7551D18B}.AppStore|iPhoneSimulator.Build.0 = Release|iPhoneSimulator
		{DB38BD38-D00B-4B19-B547-B98B7551D18B}.AppStore|x64.ActiveCfg = Release|iPhoneSimulator
		{DB38BD38-D00B-4B19-B547-B98B7551D18B}.AppStore|x64.Build.0 = Release|iPhoneSimulator
		{DB38BD38-D00B-4B19-B547-B98B7551D18B}.AppStore|x86.ActiveCfg = Release|iPhoneSimulator
		{DB38BD38-D00B-4B19-B547-B98B7551D18B}.AppStore|x86.Build.0 = Release|iPhoneSimulator
		{DB38BD38-D00B-4B19-B547-B98B7551D18B}.Debug|Any CPU.ActiveCfg = Debug|iPhoneSimulator
		{DB38BD38-D00B-4B19-B547-B98B7551D18B}.Debug|Any CPU.Build.0 = Debug|iPhoneSimulator
		{DB38BD38-D00B-4B19-B547-B98B7551D18B}.Debug|Any CPU.Deploy.0 = Debug|iPhoneSimulator
		{DB38BD38-D00B-4B19-B547-B98B7551D18B}.Debug|ARM.ActiveCfg = Debug|iPhone
		{DB38BD38-D00B-4B19-B547-B98B7551D18B}.Debug|iPhone.ActiveCfg = Debug|iPhone
		{DB38BD38-D00B-4B19-B547-B98B7551D18B}.Debug|iPhone.Build.0 = Debug|iPhone
		{DB38BD38-D00B-4B19-B547-B98B7551D18B}.Debug|iPhone.Deploy.0 = Debug|iPhone
		{DB38BD38-D00B-4B19-B547-B98B7551D18B}.Debug|iPhoneSimulator.ActiveCfg = Debug|iPhoneSimulator
		{DB38BD38-D00B-4B19-B547-B98B7551D18B}.Debug|iPhoneSimulator.Build.0 = Debug|iPhoneSimulator
		{DB38BD38-D00B-4B19-B547-B98B7551D18B}.Debug|iPhoneSimulator.Deploy.0 = Debug|iPhoneSimulator
		{DB38BD38-D00B-4B19-B547-B98B7551D18B}.Debug|x64.ActiveCfg = Debug|iPhone
		{DB38BD38-D00B-4B19-B547-B98B7551D18B}.Debug|x86.ActiveCfg = Debug|iPhone
		{DB38BD38-D00B-4B19-B547-B98B7551D18B}.Release|Any CPU.ActiveCfg = Release|iPhone
		{DB38BD38-D00B-4B19-B547-B98B7551D18B}.Release|Any CPU.Build.0 = Release|iPhone
		{DB38BD38-D00B-4B19-B547-B98B7551D18B}.Release|Any CPU.Deploy.0 = Release|iPhone
		{DB38BD38-D00B-4B19-B547-B98B7551D18B}.Release|ARM.ActiveCfg = Release|iPhoneSimulator
		{DB38BD38-D00B-4B19-B547-B98B7551D18B}.Release|iPhone.ActiveCfg = Release|iPhone
		{DB38BD38-D00B-4B19-B547-B98B7551D18B}.Release|iPhone.Build.0 = Release|iPhone
		{DB38BD38-D00B-4B19-B547-B98B7551D18B}.Release|iPhone.Deploy.0 = Release|iPhone
		{DB38BD38-D00B-4B19-B547-B98B7551D18B}.Release|iPhoneSimulator.ActiveCfg = Release|iPhoneSimulator
		{DB38BD38-D00B-4B19-B547-B98B7551D18B}.Release|iPhoneSimulator.Build.0 = Release|iPhoneSimulator
		{DB38BD38-D00B-4B19-B547-B98B7551D18B}.Release|iPhoneSimulator.Deploy.0 = Release|iPhoneSimulator
		{DB38BD38-D00B-4B19-B547-B98B7551D18B}.Release|x64.ActiveCfg = Release|iPhoneSimulator
		{DB38BD38-D00B-4B19-B547-B98B7551D18B}.Release|x86.ActiveCfg = Release|iPhoneSimulator
		{9B8AD95F-353C-4565-87AF-B51A17F5D84F}.Ad-Hoc|Any CPU.ActiveCfg = Release|Any CPU
		{9B8AD95F-353C-4565-87AF-B51A17F5D84F}.Ad-Hoc|Any CPU.Build.0 = Release|Any CPU
		{9B8AD95F-353C-4565-87AF-B51A17F5D84F}.Ad-Hoc|ARM.ActiveCfg = Release|Any CPU
		{9B8AD95F-353C-4565-87AF-B51A17F5D84F}.Ad-Hoc|ARM.Build.0 = Release|Any CPU
		{9B8AD95F-353C-4565-87AF-B51A17F5D84F}.Ad-Hoc|iPhone.ActiveCfg = Release|Any CPU
		{9B8AD95F-353C-4565-87AF-B51A17F5D84F}.Ad-Hoc|iPhone.Build.0 = Release|Any CPU
		{9B8AD95F-353C-4565-87AF-B51A17F5D84F}.Ad-Hoc|iPhoneSimulator.ActiveCfg = Release|Any CPU
		{9B8AD95F-353C-4565-87AF-B51A17F5D84F}.Ad-Hoc|iPhoneSimulator.Build.0 = Release|Any CPU
		{9B8AD95F-353C-4565-87AF-B51A17F5D84F}.Ad-Hoc|x64.ActiveCfg = Release|Any CPU
		{9B8AD95F-353C-4565-87AF-B51A17F5D84F}.Ad-Hoc|x64.Build.0 = Release|Any CPU
		{9B8AD95F-353C-4565-87AF-B51A17F5D84F}.Ad-Hoc|x86.ActiveCfg = Release|Any CPU
		{9B8AD95F-353C-4565-87AF-B51A17F5D84F}.Ad-Hoc|x86.Build.0 = Release|Any CPU
		{9B8AD95F-353C-4565-87AF-B51A17F5D84F}.AppStore|Any CPU.ActiveCfg = Release|Any CPU
		{9B8AD95F-353C-4565-87AF-B51A17F5D84F}.AppStore|Any CPU.Build.0 = Release|Any CPU
		{9B8AD95F-353C-4565-87AF-B51A17F5D84F}.AppStore|ARM.ActiveCfg = Release|Any CPU
		{9B8AD95F-353C-4565-87AF-B51A17F5D84F}.AppStore|ARM.Build.0 = Release|Any CPU
		{9B8AD95F-353C-4565-87AF-B51A17F5D84F}.AppStore|iPhone.ActiveCfg = Release|Any CPU
		{9B8AD95F-353C-4565-87AF-B51A17F5D84F}.AppStore|iPhone.Build.0 = Release|Any CPU
		{9B8AD95F-353C-4565-87AF-B51A17F5D84F}.AppStore|iPhoneSimulator.ActiveCfg = Release|Any CPU
		{9B8AD95F-353C-4565-87AF-B51A17F5D84F}.AppStore|iPhoneSimulator.Build.0 = Release|Any CPU
		{9B8AD95F-353C-4565-87AF-B51A17F5D84F}.AppStore|x64.ActiveCfg = Release|Any CPU
		{9B8AD95F-353C-4565-87AF-B51A17F5D84F}.AppStore|x64.Build.0 = Release|Any CPU
		{9B8AD95F-353C-4565-87AF-B51A17F5D84F}.AppStore|x86.ActiveCfg = Release|Any CPU
		{9B8AD95F-353C-4565-87AF-B51A17F5D84F}.AppStore|x86.Build.0 = Release|Any CPU
		{9B8AD95F-353C-4565-87AF-B51A17F5D84F}.Debug|Any CPU.ActiveCfg = Debug|Any CPU
		{9B8AD95F-353C-4565-87AF-B51A17F5D84F}.Debug|Any CPU.Build.0 = Debug|Any CPU
		{9B8AD95F-353C-4565-87AF-B51A17F5D84F}.Debug|Any CPU.Deploy.0 = Debug|Any CPU
		{9B8AD95F-353C-4565-87AF-B51A17F5D84F}.Debug|ARM.ActiveCfg = Debug|Any CPU
		{9B8AD95F-353C-4565-87AF-B51A17F5D84F}.Debug|ARM.Build.0 = Debug|Any CPU
		{9B8AD95F-353C-4565-87AF-B51A17F5D84F}.Debug|iPhone.ActiveCfg = Debug|Any CPU
		{9B8AD95F-353C-4565-87AF-B51A17F5D84F}.Debug|iPhone.Build.0 = Debug|Any CPU
		{9B8AD95F-353C-4565-87AF-B51A17F5D84F}.Debug|iPhone.Deploy.0 = Debug|Any CPU
		{9B8AD95F-353C-4565-87AF-B51A17F5D84F}.Debug|iPhoneSimulator.ActiveCfg = Debug|Any CPU
		{9B8AD95F-353C-4565-87AF-B51A17F5D84F}.Debug|iPhoneSimulator.Build.0 = Debug|Any CPU
		{9B8AD95F-353C-4565-87AF-B51A17F5D84F}.Debug|iPhoneSimulator.Deploy.0 = Debug|Any CPU
		{9B8AD95F-353C-4565-87AF-B51A17F5D84F}.Debug|x64.ActiveCfg = Debug|Any CPU
		{9B8AD95F-353C-4565-87AF-B51A17F5D84F}.Debug|x64.Build.0 = Debug|Any CPU
		{9B8AD95F-353C-4565-87AF-B51A17F5D84F}.Debug|x86.ActiveCfg = Debug|Any CPU
		{9B8AD95F-353C-4565-87AF-B51A17F5D84F}.Debug|x86.Build.0 = Debug|Any CPU
		{9B8AD95F-353C-4565-87AF-B51A17F5D84F}.Release|Any CPU.ActiveCfg = Release|Any CPU
		{9B8AD95F-353C-4565-87AF-B51A17F5D84F}.Release|Any CPU.Build.0 = Release|Any CPU
		{9B8AD95F-353C-4565-87AF-B51A17F5D84F}.Release|Any CPU.Deploy.0 = Release|Any CPU
		{9B8AD95F-353C-4565-87AF-B51A17F5D84F}.Release|ARM.ActiveCfg = Release|Any CPU
		{9B8AD95F-353C-4565-87AF-B51A17F5D84F}.Release|ARM.Build.0 = Release|Any CPU
		{9B8AD95F-353C-4565-87AF-B51A17F5D84F}.Release|iPhone.ActiveCfg = Release|Any CPU
		{9B8AD95F-353C-4565-87AF-B51A17F5D84F}.Release|iPhone.Build.0 = Release|Any CPU
		{9B8AD95F-353C-4565-87AF-B51A17F5D84F}.Release|iPhone.Deploy.0 = Release|Any CPU
		{9B8AD95F-353C-4565-87AF-B51A17F5D84F}.Release|iPhoneSimulator.ActiveCfg = Release|Any CPU
		{9B8AD95F-353C-4565-87AF-B51A17F5D84F}.Release|iPhoneSimulator.Build.0 = Release|Any CPU
		{9B8AD95F-353C-4565-87AF-B51A17F5D84F}.Release|iPhoneSimulator.Deploy.0 = Release|Any CPU
		{9B8AD95F-353C-4565-87AF-B51A17F5D84F}.Release|x64.ActiveCfg = Release|Any CPU
		{9B8AD95F-353C-4565-87AF-B51A17F5D84F}.Release|x64.Build.0 = Release|Any CPU
		{9B8AD95F-353C-4565-87AF-B51A17F5D84F}.Release|x86.ActiveCfg = Release|Any CPU
		{9B8AD95F-353C-4565-87AF-B51A17F5D84F}.Release|x86.Build.0 = Release|Any CPU
		{2E3DF5C2-8A38-4A03-86D7-8D463C917E47}.Ad-Hoc|Any CPU.ActiveCfg = Release|Any CPU
		{2E3DF5C2-8A38-4A03-86D7-8D463C917E47}.Ad-Hoc|Any CPU.Build.0 = Release|Any CPU
		{2E3DF5C2-8A38-4A03-86D7-8D463C917E47}.Ad-Hoc|ARM.ActiveCfg = Release|Any CPU
		{2E3DF5C2-8A38-4A03-86D7-8D463C917E47}.Ad-Hoc|ARM.Build.0 = Release|Any CPU
		{2E3DF5C2-8A38-4A03-86D7-8D463C917E47}.Ad-Hoc|iPhone.ActiveCfg = Release|Any CPU
		{2E3DF5C2-8A38-4A03-86D7-8D463C917E47}.Ad-Hoc|iPhone.Build.0 = Release|Any CPU
		{2E3DF5C2-8A38-4A03-86D7-8D463C917E47}.Ad-Hoc|iPhoneSimulator.ActiveCfg = Release|Any CPU
		{2E3DF5C2-8A38-4A03-86D7-8D463C917E47}.Ad-Hoc|iPhoneSimulator.Build.0 = Release|Any CPU
		{2E3DF5C2-8A38-4A03-86D7-8D463C917E47}.Ad-Hoc|x64.ActiveCfg = Release|Any CPU
		{2E3DF5C2-8A38-4A03-86D7-8D463C917E47}.Ad-Hoc|x64.Build.0 = Release|Any CPU
		{2E3DF5C2-8A38-4A03-86D7-8D463C917E47}.Ad-Hoc|x86.ActiveCfg = Release|Any CPU
		{2E3DF5C2-8A38-4A03-86D7-8D463C917E47}.Ad-Hoc|x86.Build.0 = Release|Any CPU
		{2E3DF5C2-8A38-4A03-86D7-8D463C917E47}.AppStore|Any CPU.ActiveCfg = Release|Any CPU
		{2E3DF5C2-8A38-4A03-86D7-8D463C917E47}.AppStore|Any CPU.Build.0 = Release|Any CPU
		{2E3DF5C2-8A38-4A03-86D7-8D463C917E47}.AppStore|ARM.ActiveCfg = Release|Any CPU
		{2E3DF5C2-8A38-4A03-86D7-8D463C917E47}.AppStore|ARM.Build.0 = Release|Any CPU
		{2E3DF5C2-8A38-4A03-86D7-8D463C917E47}.AppStore|iPhone.ActiveCfg = Release|Any CPU
		{2E3DF5C2-8A38-4A03-86D7-8D463C917E47}.AppStore|iPhone.Build.0 = Release|Any CPU
		{2E3DF5C2-8A38-4A03-86D7-8D463C917E47}.AppStore|iPhoneSimulator.ActiveCfg = Release|Any CPU
		{2E3DF5C2-8A38-4A03-86D7-8D463C917E47}.AppStore|iPhoneSimulator.Build.0 = Release|Any CPU
		{2E3DF5C2-8A38-4A03-86D7-8D463C917E47}.AppStore|x64.ActiveCfg = Release|Any CPU
		{2E3DF5C2-8A38-4A03-86D7-8D463C917E47}.AppStore|x64.Build.0 = Release|Any CPU
		{2E3DF5C2-8A38-4A03-86D7-8D463C917E47}.AppStore|x86.ActiveCfg = Release|Any CPU
		{2E3DF5C2-8A38-4A03-86D7-8D463C917E47}.AppStore|x86.Build.0 = Release|Any CPU
		{2E3DF5C2-8A38-4A03-86D7-8D463C917E47}.Debug|Any CPU.ActiveCfg = Debug|Any CPU
		{2E3DF5C2-8A38-4A03-86D7-8D463C917E47}.Debug|Any CPU.Build.0 = Debug|Any CPU
		{2E3DF5C2-8A38-4A03-86D7-8D463C917E47}.Debug|ARM.ActiveCfg = Debug|Any CPU
		{2E3DF5C2-8A38-4A03-86D7-8D463C917E47}.Debug|ARM.Build.0 = Debug|Any CPU
		{2E3DF5C2-8A38-4A03-86D7-8D463C917E47}.Debug|iPhone.ActiveCfg = Debug|Any CPU
		{2E3DF5C2-8A38-4A03-86D7-8D463C917E47}.Debug|iPhone.Build.0 = Debug|Any CPU
		{2E3DF5C2-8A38-4A03-86D7-8D463C917E47}.Debug|iPhoneSimulator.ActiveCfg = Debug|Any CPU
		{2E3DF5C2-8A38-4A03-86D7-8D463C917E47}.Debug|iPhoneSimulator.Build.0 = Debug|Any CPU
		{2E3DF5C2-8A38-4A03-86D7-8D463C917E47}.Debug|x64.ActiveCfg = Debug|Any CPU
		{2E3DF5C2-8A38-4A03-86D7-8D463C917E47}.Debug|x64.Build.0 = Debug|Any CPU
		{2E3DF5C2-8A38-4A03-86D7-8D463C917E47}.Debug|x86.ActiveCfg = Debug|Any CPU
		{2E3DF5C2-8A38-4A03-86D7-8D463C917E47}.Debug|x86.Build.0 = Debug|Any CPU
		{2E3DF5C2-8A38-4A03-86D7-8D463C917E47}.Release|Any CPU.ActiveCfg = Release|Any CPU
		{2E3DF5C2-8A38-4A03-86D7-8D463C917E47}.Release|Any CPU.Build.0 = Release|Any CPU
		{2E3DF5C2-8A38-4A03-86D7-8D463C917E47}.Release|ARM.ActiveCfg = Release|Any CPU
		{2E3DF5C2-8A38-4A03-86D7-8D463C917E47}.Release|ARM.Build.0 = Release|Any CPU
		{2E3DF5C2-8A38-4A03-86D7-8D463C917E47}.Release|iPhone.ActiveCfg = Release|Any CPU
		{2E3DF5C2-8A38-4A03-86D7-8D463C917E47}.Release|iPhone.Build.0 = Release|Any CPU
		{2E3DF5C2-8A38-4A03-86D7-8D463C917E47}.Release|iPhoneSimulator.ActiveCfg = Release|Any CPU
		{2E3DF5C2-8A38-4A03-86D7-8D463C917E47}.Release|iPhoneSimulator.Build.0 = Release|Any CPU
		{2E3DF5C2-8A38-4A03-86D7-8D463C917E47}.Release|x64.ActiveCfg = Release|Any CPU
		{2E3DF5C2-8A38-4A03-86D7-8D463C917E47}.Release|x64.Build.0 = Release|Any CPU
		{2E3DF5C2-8A38-4A03-86D7-8D463C917E47}.Release|x86.ActiveCfg = Release|Any CPU
		{2E3DF5C2-8A38-4A03-86D7-8D463C917E47}.Release|x86.Build.0 = Release|Any CPU
		{44CE511A-0366-4A24-A0A5-A284328F8851}.Ad-Hoc|Any CPU.ActiveCfg = Release|Any CPU
		{44CE511A-0366-4A24-A0A5-A284328F8851}.Ad-Hoc|Any CPU.Build.0 = Release|Any CPU
		{44CE511A-0366-4A24-A0A5-A284328F8851}.Ad-Hoc|ARM.ActiveCfg = Release|Any CPU
		{44CE511A-0366-4A24-A0A5-A284328F8851}.Ad-Hoc|ARM.Build.0 = Release|Any CPU
		{44CE511A-0366-4A24-A0A5-A284328F8851}.Ad-Hoc|iPhone.ActiveCfg = Release|Any CPU
		{44CE511A-0366-4A24-A0A5-A284328F8851}.Ad-Hoc|iPhone.Build.0 = Release|Any CPU
		{44CE511A-0366-4A24-A0A5-A284328F8851}.Ad-Hoc|iPhoneSimulator.ActiveCfg = Release|Any CPU
		{44CE511A-0366-4A24-A0A5-A284328F8851}.Ad-Hoc|iPhoneSimulator.Build.0 = Release|Any CPU
		{44CE511A-0366-4A24-A0A5-A284328F8851}.Ad-Hoc|x64.ActiveCfg = Release|Any CPU
		{44CE511A-0366-4A24-A0A5-A284328F8851}.Ad-Hoc|x64.Build.0 = Release|Any CPU
		{44CE511A-0366-4A24-A0A5-A284328F8851}.Ad-Hoc|x86.ActiveCfg = Release|Any CPU
		{44CE511A-0366-4A24-A0A5-A284328F8851}.Ad-Hoc|x86.Build.0 = Release|Any CPU
		{44CE511A-0366-4A24-A0A5-A284328F8851}.AppStore|Any CPU.ActiveCfg = Release|Any CPU
		{44CE511A-0366-4A24-A0A5-A284328F8851}.AppStore|Any CPU.Build.0 = Release|Any CPU
		{44CE511A-0366-4A24-A0A5-A284328F8851}.AppStore|ARM.ActiveCfg = Release|Any CPU
		{44CE511A-0366-4A24-A0A5-A284328F8851}.AppStore|ARM.Build.0 = Release|Any CPU
		{44CE511A-0366-4A24-A0A5-A284328F8851}.AppStore|iPhone.ActiveCfg = Release|Any CPU
		{44CE511A-0366-4A24-A0A5-A284328F8851}.AppStore|iPhone.Build.0 = Release|Any CPU
		{44CE511A-0366-4A24-A0A5-A284328F8851}.AppStore|iPhoneSimulator.ActiveCfg = Release|Any CPU
		{44CE511A-0366-4A24-A0A5-A284328F8851}.AppStore|iPhoneSimulator.Build.0 = Release|Any CPU
		{44CE511A-0366-4A24-A0A5-A284328F8851}.AppStore|x64.ActiveCfg = Release|Any CPU
		{44CE511A-0366-4A24-A0A5-A284328F8851}.AppStore|x64.Build.0 = Release|Any CPU
		{44CE511A-0366-4A24-A0A5-A284328F8851}.AppStore|x86.ActiveCfg = Release|Any CPU
		{44CE511A-0366-4A24-A0A5-A284328F8851}.AppStore|x86.Build.0 = Release|Any CPU
		{44CE511A-0366-4A24-A0A5-A284328F8851}.Debug|Any CPU.ActiveCfg = Debug|Any CPU
		{44CE511A-0366-4A24-A0A5-A284328F8851}.Debug|Any CPU.Build.0 = Debug|Any CPU
		{44CE511A-0366-4A24-A0A5-A284328F8851}.Debug|ARM.ActiveCfg = Debug|Any CPU
		{44CE511A-0366-4A24-A0A5-A284328F8851}.Debug|ARM.Build.0 = Debug|Any CPU
		{44CE511A-0366-4A24-A0A5-A284328F8851}.Debug|iPhone.ActiveCfg = Debug|Any CPU
		{44CE511A-0366-4A24-A0A5-A284328F8851}.Debug|iPhone.Build.0 = Debug|Any CPU
		{44CE511A-0366-4A24-A0A5-A284328F8851}.Debug|iPhoneSimulator.ActiveCfg = Debug|Any CPU
		{44CE511A-0366-4A24-A0A5-A284328F8851}.Debug|iPhoneSimulator.Build.0 = Debug|Any CPU
		{44CE511A-0366-4A24-A0A5-A284328F8851}.Debug|x64.ActiveCfg = Debug|Any CPU
		{44CE511A-0366-4A24-A0A5-A284328F8851}.Debug|x64.Build.0 = Debug|Any CPU
		{44CE511A-0366-4A24-A0A5-A284328F8851}.Debug|x86.ActiveCfg = Debug|Any CPU
		{44CE511A-0366-4A24-A0A5-A284328F8851}.Debug|x86.Build.0 = Debug|Any CPU
		{44CE511A-0366-4A24-A0A5-A284328F8851}.Release|Any CPU.ActiveCfg = Release|Any CPU
		{44CE511A-0366-4A24-A0A5-A284328F8851}.Release|Any CPU.Build.0 = Release|Any CPU
		{44CE511A-0366-4A24-A0A5-A284328F8851}.Release|ARM.ActiveCfg = Release|Any CPU
		{44CE511A-0366-4A24-A0A5-A284328F8851}.Release|ARM.Build.0 = Release|Any CPU
		{44CE511A-0366-4A24-A0A5-A284328F8851}.Release|iPhone.ActiveCfg = Release|Any CPU
		{44CE511A-0366-4A24-A0A5-A284328F8851}.Release|iPhone.Build.0 = Release|Any CPU
		{44CE511A-0366-4A24-A0A5-A284328F8851}.Release|iPhoneSimulator.ActiveCfg = Release|Any CPU
		{44CE511A-0366-4A24-A0A5-A284328F8851}.Release|iPhoneSimulator.Build.0 = Release|Any CPU
		{44CE511A-0366-4A24-A0A5-A284328F8851}.Release|x64.ActiveCfg = Release|Any CPU
		{44CE511A-0366-4A24-A0A5-A284328F8851}.Release|x64.Build.0 = Release|Any CPU
		{44CE511A-0366-4A24-A0A5-A284328F8851}.Release|x86.ActiveCfg = Release|Any CPU
		{44CE511A-0366-4A24-A0A5-A284328F8851}.Release|x86.Build.0 = Release|Any CPU
		{E199F807-184C-471C-9F53-CDE83C7007A0}.Ad-Hoc|Any CPU.ActiveCfg = Ad-Hoc|iPhone
		{E199F807-184C-471C-9F53-CDE83C7007A0}.Ad-Hoc|ARM.ActiveCfg = Ad-Hoc|iPhone
		{E199F807-184C-471C-9F53-CDE83C7007A0}.Ad-Hoc|iPhone.ActiveCfg = Ad-Hoc|iPhone
		{E199F807-184C-471C-9F53-CDE83C7007A0}.Ad-Hoc|iPhone.Build.0 = Ad-Hoc|iPhone
		{E199F807-184C-471C-9F53-CDE83C7007A0}.Ad-Hoc|iPhoneSimulator.ActiveCfg = Ad-Hoc|iPhoneSimulator
		{E199F807-184C-471C-9F53-CDE83C7007A0}.Ad-Hoc|iPhoneSimulator.Build.0 = Ad-Hoc|iPhoneSimulator
		{E199F807-184C-471C-9F53-CDE83C7007A0}.Ad-Hoc|x64.ActiveCfg = Ad-Hoc|iPhone
		{E199F807-184C-471C-9F53-CDE83C7007A0}.Ad-Hoc|x86.ActiveCfg = Ad-Hoc|iPhone
		{E199F807-184C-471C-9F53-CDE83C7007A0}.AppStore|Any CPU.ActiveCfg = AppStore|iPhone
		{E199F807-184C-471C-9F53-CDE83C7007A0}.AppStore|ARM.ActiveCfg = AppStore|iPhone
		{E199F807-184C-471C-9F53-CDE83C7007A0}.AppStore|iPhone.ActiveCfg = AppStore|iPhone
		{E199F807-184C-471C-9F53-CDE83C7007A0}.AppStore|iPhone.Build.0 = AppStore|iPhone
		{E199F807-184C-471C-9F53-CDE83C7007A0}.AppStore|iPhoneSimulator.ActiveCfg = AppStore|iPhoneSimulator
		{E199F807-184C-471C-9F53-CDE83C7007A0}.AppStore|iPhoneSimulator.Build.0 = AppStore|iPhoneSimulator
		{E199F807-184C-471C-9F53-CDE83C7007A0}.AppStore|x64.ActiveCfg = AppStore|iPhone
		{E199F807-184C-471C-9F53-CDE83C7007A0}.AppStore|x86.ActiveCfg = AppStore|iPhone
		{E199F807-184C-471C-9F53-CDE83C7007A0}.Debug|Any CPU.ActiveCfg = Debug|iPhone
		{E199F807-184C-471C-9F53-CDE83C7007A0}.Debug|ARM.ActiveCfg = Debug|iPhone
		{E199F807-184C-471C-9F53-CDE83C7007A0}.Debug|iPhone.ActiveCfg = Debug|iPhone
		{E199F807-184C-471C-9F53-CDE83C7007A0}.Debug|iPhone.Build.0 = Debug|iPhone
		{E199F807-184C-471C-9F53-CDE83C7007A0}.Debug|iPhoneSimulator.ActiveCfg = Debug|iPhoneSimulator
		{E199F807-184C-471C-9F53-CDE83C7007A0}.Debug|iPhoneSimulator.Build.0 = Debug|iPhoneSimulator
		{E199F807-184C-471C-9F53-CDE83C7007A0}.Debug|x64.ActiveCfg = Debug|iPhone
		{E199F807-184C-471C-9F53-CDE83C7007A0}.Debug|x86.ActiveCfg = Debug|iPhone
		{E199F807-184C-471C-9F53-CDE83C7007A0}.Release|Any CPU.ActiveCfg = Release|iPhone
		{E199F807-184C-471C-9F53-CDE83C7007A0}.Release|ARM.ActiveCfg = Release|iPhone
		{E199F807-184C-471C-9F53-CDE83C7007A0}.Release|iPhone.ActiveCfg = Release|iPhone
		{E199F807-184C-471C-9F53-CDE83C7007A0}.Release|iPhone.Build.0 = Release|iPhone
		{E199F807-184C-471C-9F53-CDE83C7007A0}.Release|iPhoneSimulator.ActiveCfg = Release|iPhoneSimulator
		{E199F807-184C-471C-9F53-CDE83C7007A0}.Release|iPhoneSimulator.Build.0 = Release|iPhoneSimulator
		{E199F807-184C-471C-9F53-CDE83C7007A0}.Release|x64.ActiveCfg = Release|iPhone
		{E199F807-184C-471C-9F53-CDE83C7007A0}.Release|x86.ActiveCfg = Release|iPhone
		{8D5AD1DE-415F-4972-A95D-2DB58F8380DC}.Ad-Hoc|Any CPU.ActiveCfg = Release|x86
		{8D5AD1DE-415F-4972-A95D-2DB58F8380DC}.Ad-Hoc|Any CPU.Build.0 = Release|x86
		{8D5AD1DE-415F-4972-A95D-2DB58F8380DC}.Ad-Hoc|Any CPU.Deploy.0 = Release|x86
		{8D5AD1DE-415F-4972-A95D-2DB58F8380DC}.Ad-Hoc|ARM.ActiveCfg = Release|ARM
		{8D5AD1DE-415F-4972-A95D-2DB58F8380DC}.Ad-Hoc|ARM.Build.0 = Release|ARM
		{8D5AD1DE-415F-4972-A95D-2DB58F8380DC}.Ad-Hoc|ARM.Deploy.0 = Release|ARM
		{8D5AD1DE-415F-4972-A95D-2DB58F8380DC}.Ad-Hoc|iPhone.ActiveCfg = Release|x86
		{8D5AD1DE-415F-4972-A95D-2DB58F8380DC}.Ad-Hoc|iPhone.Build.0 = Release|x86
		{8D5AD1DE-415F-4972-A95D-2DB58F8380DC}.Ad-Hoc|iPhone.Deploy.0 = Release|x86
		{8D5AD1DE-415F-4972-A95D-2DB58F8380DC}.Ad-Hoc|iPhoneSimulator.ActiveCfg = Release|x86
		{8D5AD1DE-415F-4972-A95D-2DB58F8380DC}.Ad-Hoc|iPhoneSimulator.Build.0 = Release|x86
		{8D5AD1DE-415F-4972-A95D-2DB58F8380DC}.Ad-Hoc|iPhoneSimulator.Deploy.0 = Release|x86
		{8D5AD1DE-415F-4972-A95D-2DB58F8380DC}.Ad-Hoc|x64.ActiveCfg = Release|x64
		{8D5AD1DE-415F-4972-A95D-2DB58F8380DC}.Ad-Hoc|x64.Build.0 = Release|x64
		{8D5AD1DE-415F-4972-A95D-2DB58F8380DC}.Ad-Hoc|x64.Deploy.0 = Release|x64
		{8D5AD1DE-415F-4972-A95D-2DB58F8380DC}.Ad-Hoc|x86.ActiveCfg = Release|x86
		{8D5AD1DE-415F-4972-A95D-2DB58F8380DC}.Ad-Hoc|x86.Build.0 = Release|x86
		{8D5AD1DE-415F-4972-A95D-2DB58F8380DC}.Ad-Hoc|x86.Deploy.0 = Release|x86
		{8D5AD1DE-415F-4972-A95D-2DB58F8380DC}.AppStore|Any CPU.ActiveCfg = Release|x86
		{8D5AD1DE-415F-4972-A95D-2DB58F8380DC}.AppStore|Any CPU.Build.0 = Release|x86
		{8D5AD1DE-415F-4972-A95D-2DB58F8380DC}.AppStore|Any CPU.Deploy.0 = Release|x86
		{8D5AD1DE-415F-4972-A95D-2DB58F8380DC}.AppStore|ARM.ActiveCfg = Release|ARM
		{8D5AD1DE-415F-4972-A95D-2DB58F8380DC}.AppStore|ARM.Build.0 = Release|ARM
		{8D5AD1DE-415F-4972-A95D-2DB58F8380DC}.AppStore|ARM.Deploy.0 = Release|ARM
		{8D5AD1DE-415F-4972-A95D-2DB58F8380DC}.AppStore|iPhone.ActiveCfg = Release|x86
		{8D5AD1DE-415F-4972-A95D-2DB58F8380DC}.AppStore|iPhone.Build.0 = Release|x86
		{8D5AD1DE-415F-4972-A95D-2DB58F8380DC}.AppStore|iPhone.Deploy.0 = Release|x86
		{8D5AD1DE-415F-4972-A95D-2DB58F8380DC}.AppStore|iPhoneSimulator.ActiveCfg = Release|x86
		{8D5AD1DE-415F-4972-A95D-2DB58F8380DC}.AppStore|iPhoneSimulator.Build.0 = Release|x86
		{8D5AD1DE-415F-4972-A95D-2DB58F8380DC}.AppStore|iPhoneSimulator.Deploy.0 = Release|x86
		{8D5AD1DE-415F-4972-A95D-2DB58F8380DC}.AppStore|x64.ActiveCfg = Release|x64
		{8D5AD1DE-415F-4972-A95D-2DB58F8380DC}.AppStore|x64.Build.0 = Release|x64
		{8D5AD1DE-415F-4972-A95D-2DB58F8380DC}.AppStore|x64.Deploy.0 = Release|x64
		{8D5AD1DE-415F-4972-A95D-2DB58F8380DC}.AppStore|x86.ActiveCfg = Release|x86
		{8D5AD1DE-415F-4972-A95D-2DB58F8380DC}.AppStore|x86.Build.0 = Release|x86
		{8D5AD1DE-415F-4972-A95D-2DB58F8380DC}.AppStore|x86.Deploy.0 = Release|x86
		{8D5AD1DE-415F-4972-A95D-2DB58F8380DC}.Debug|Any CPU.ActiveCfg = Debug|x86
		{8D5AD1DE-415F-4972-A95D-2DB58F8380DC}.Debug|ARM.ActiveCfg = Debug|ARM
		{8D5AD1DE-415F-4972-A95D-2DB58F8380DC}.Debug|ARM.Build.0 = Debug|ARM
		{8D5AD1DE-415F-4972-A95D-2DB58F8380DC}.Debug|ARM.Deploy.0 = Debug|ARM
		{8D5AD1DE-415F-4972-A95D-2DB58F8380DC}.Debug|iPhone.ActiveCfg = Debug|x86
		{8D5AD1DE-415F-4972-A95D-2DB58F8380DC}.Debug|iPhoneSimulator.ActiveCfg = Debug|x86
		{8D5AD1DE-415F-4972-A95D-2DB58F8380DC}.Debug|x64.ActiveCfg = Debug|x64
		{8D5AD1DE-415F-4972-A95D-2DB58F8380DC}.Debug|x64.Build.0 = Debug|x64
		{8D5AD1DE-415F-4972-A95D-2DB58F8380DC}.Debug|x64.Deploy.0 = Debug|x64
		{8D5AD1DE-415F-4972-A95D-2DB58F8380DC}.Debug|x86.ActiveCfg = Debug|x86
		{8D5AD1DE-415F-4972-A95D-2DB58F8380DC}.Debug|x86.Build.0 = Debug|x86
		{8D5AD1DE-415F-4972-A95D-2DB58F8380DC}.Debug|x86.Deploy.0 = Debug|x86
		{8D5AD1DE-415F-4972-A95D-2DB58F8380DC}.Release|Any CPU.ActiveCfg = Release|x86
		{8D5AD1DE-415F-4972-A95D-2DB58F8380DC}.Release|ARM.ActiveCfg = Release|ARM
		{8D5AD1DE-415F-4972-A95D-2DB58F8380DC}.Release|ARM.Build.0 = Release|ARM
		{8D5AD1DE-415F-4972-A95D-2DB58F8380DC}.Release|ARM.Deploy.0 = Release|ARM
		{8D5AD1DE-415F-4972-A95D-2DB58F8380DC}.Release|iPhone.ActiveCfg = Release|x86
		{8D5AD1DE-415F-4972-A95D-2DB58F8380DC}.Release|iPhoneSimulator.ActiveCfg = Release|x86
		{8D5AD1DE-415F-4972-A95D-2DB58F8380DC}.Release|x64.ActiveCfg = Release|x64
		{8D5AD1DE-415F-4972-A95D-2DB58F8380DC}.Release|x64.Build.0 = Release|x64
		{8D5AD1DE-415F-4972-A95D-2DB58F8380DC}.Release|x64.Deploy.0 = Release|x64
		{8D5AD1DE-415F-4972-A95D-2DB58F8380DC}.Release|x86.ActiveCfg = Release|x86
		{8D5AD1DE-415F-4972-A95D-2DB58F8380DC}.Release|x86.Build.0 = Release|x86
		{8D5AD1DE-415F-4972-A95D-2DB58F8380DC}.Release|x86.Deploy.0 = Release|x86
		{9308D152-875B-4DCB-97C8-EBF1FFD70E0F}.Ad-Hoc|Any CPU.ActiveCfg = Debug|Any CPU
		{9308D152-875B-4DCB-97C8-EBF1FFD70E0F}.Ad-Hoc|Any CPU.Build.0 = Debug|Any CPU
		{9308D152-875B-4DCB-97C8-EBF1FFD70E0F}.Ad-Hoc|ARM.ActiveCfg = Debug|Any CPU
		{9308D152-875B-4DCB-97C8-EBF1FFD70E0F}.Ad-Hoc|ARM.Build.0 = Debug|Any CPU
		{9308D152-875B-4DCB-97C8-EBF1FFD70E0F}.Ad-Hoc|iPhone.ActiveCfg = Debug|Any CPU
		{9308D152-875B-4DCB-97C8-EBF1FFD70E0F}.Ad-Hoc|iPhone.Build.0 = Debug|Any CPU
		{9308D152-875B-4DCB-97C8-EBF1FFD70E0F}.Ad-Hoc|iPhoneSimulator.ActiveCfg = Debug|Any CPU
		{9308D152-875B-4DCB-97C8-EBF1FFD70E0F}.Ad-Hoc|iPhoneSimulator.Build.0 = Debug|Any CPU
		{9308D152-875B-4DCB-97C8-EBF1FFD70E0F}.Ad-Hoc|x64.ActiveCfg = Debug|Any CPU
		{9308D152-875B-4DCB-97C8-EBF1FFD70E0F}.Ad-Hoc|x64.Build.0 = Debug|Any CPU
		{9308D152-875B-4DCB-97C8-EBF1FFD70E0F}.Ad-Hoc|x86.ActiveCfg = Debug|Any CPU
		{9308D152-875B-4DCB-97C8-EBF1FFD70E0F}.Ad-Hoc|x86.Build.0 = Debug|Any CPU
		{9308D152-875B-4DCB-97C8-EBF1FFD70E0F}.AppStore|Any CPU.ActiveCfg = Debug|Any CPU
		{9308D152-875B-4DCB-97C8-EBF1FFD70E0F}.AppStore|Any CPU.Build.0 = Debug|Any CPU
		{9308D152-875B-4DCB-97C8-EBF1FFD70E0F}.AppStore|ARM.ActiveCfg = Debug|Any CPU
		{9308D152-875B-4DCB-97C8-EBF1FFD70E0F}.AppStore|ARM.Build.0 = Debug|Any CPU
		{9308D152-875B-4DCB-97C8-EBF1FFD70E0F}.AppStore|iPhone.ActiveCfg = Debug|Any CPU
		{9308D152-875B-4DCB-97C8-EBF1FFD70E0F}.AppStore|iPhone.Build.0 = Debug|Any CPU
		{9308D152-875B-4DCB-97C8-EBF1FFD70E0F}.AppStore|iPhoneSimulator.ActiveCfg = Debug|Any CPU
		{9308D152-875B-4DCB-97C8-EBF1FFD70E0F}.AppStore|iPhoneSimulator.Build.0 = Debug|Any CPU
		{9308D152-875B-4DCB-97C8-EBF1FFD70E0F}.AppStore|x64.ActiveCfg = Debug|Any CPU
		{9308D152-875B-4DCB-97C8-EBF1FFD70E0F}.AppStore|x64.Build.0 = Debug|Any CPU
		{9308D152-875B-4DCB-97C8-EBF1FFD70E0F}.AppStore|x86.ActiveCfg = Debug|Any CPU
		{9308D152-875B-4DCB-97C8-EBF1FFD70E0F}.AppStore|x86.Build.0 = Debug|Any CPU
		{9308D152-875B-4DCB-97C8-EBF1FFD70E0F}.Debug|Any CPU.ActiveCfg = Debug|Any CPU
		{9308D152-875B-4DCB-97C8-EBF1FFD70E0F}.Debug|Any CPU.Build.0 = Debug|Any CPU
		{9308D152-875B-4DCB-97C8-EBF1FFD70E0F}.Debug|ARM.ActiveCfg = Debug|Any CPU
		{9308D152-875B-4DCB-97C8-EBF1FFD70E0F}.Debug|ARM.Build.0 = Debug|Any CPU
		{9308D152-875B-4DCB-97C8-EBF1FFD70E0F}.Debug|iPhone.ActiveCfg = Debug|Any CPU
		{9308D152-875B-4DCB-97C8-EBF1FFD70E0F}.Debug|iPhone.Build.0 = Debug|Any CPU
		{9308D152-875B-4DCB-97C8-EBF1FFD70E0F}.Debug|iPhoneSimulator.ActiveCfg = Debug|Any CPU
		{9308D152-875B-4DCB-97C8-EBF1FFD70E0F}.Debug|iPhoneSimulator.Build.0 = Debug|Any CPU
		{9308D152-875B-4DCB-97C8-EBF1FFD70E0F}.Debug|x64.ActiveCfg = Debug|Any CPU
		{9308D152-875B-4DCB-97C8-EBF1FFD70E0F}.Debug|x64.Build.0 = Debug|Any CPU
		{9308D152-875B-4DCB-97C8-EBF1FFD70E0F}.Debug|x86.ActiveCfg = Debug|Any CPU
		{9308D152-875B-4DCB-97C8-EBF1FFD70E0F}.Debug|x86.Build.0 = Debug|Any CPU
		{9308D152-875B-4DCB-97C8-EBF1FFD70E0F}.Release|Any CPU.ActiveCfg = Release|Any CPU
		{9308D152-875B-4DCB-97C8-EBF1FFD70E0F}.Release|Any CPU.Build.0 = Release|Any CPU
		{9308D152-875B-4DCB-97C8-EBF1FFD70E0F}.Release|ARM.ActiveCfg = Release|Any CPU
		{9308D152-875B-4DCB-97C8-EBF1FFD70E0F}.Release|ARM.Build.0 = Release|Any CPU
		{9308D152-875B-4DCB-97C8-EBF1FFD70E0F}.Release|iPhone.ActiveCfg = Release|Any CPU
		{9308D152-875B-4DCB-97C8-EBF1FFD70E0F}.Release|iPhone.Build.0 = Release|Any CPU
		{9308D152-875B-4DCB-97C8-EBF1FFD70E0F}.Release|iPhoneSimulator.ActiveCfg = Release|Any CPU
		{9308D152-875B-4DCB-97C8-EBF1FFD70E0F}.Release|iPhoneSimulator.Build.0 = Release|Any CPU
		{9308D152-875B-4DCB-97C8-EBF1FFD70E0F}.Release|x64.ActiveCfg = Release|Any CPU
		{9308D152-875B-4DCB-97C8-EBF1FFD70E0F}.Release|x64.Build.0 = Release|Any CPU
		{9308D152-875B-4DCB-97C8-EBF1FFD70E0F}.Release|x86.ActiveCfg = Release|Any CPU
		{9308D152-875B-4DCB-97C8-EBF1FFD70E0F}.Release|x86.Build.0 = Release|Any CPU
	EndGlobalSection
	GlobalSection(SolutionProperties) = preSolution
		HideSolutionNode = FALSE
	EndGlobalSection
	GlobalSection(NestedProjects) = preSolution
		{BC049E2B-428E-4E2F-BA60-46EE6D18B9F2} = {2C49B22B-D5FF-44C4-9062-FDB962AEABE6}
		{DB38BD38-D00B-4B19-B547-B98B7551D18B} = {2C49B22B-D5FF-44C4-9062-FDB962AEABE6}
		{9B8AD95F-353C-4565-87AF-B51A17F5D84F} = {2C49B22B-D5FF-44C4-9062-FDB962AEABE6}
		{2E3DF5C2-8A38-4A03-86D7-8D463C917E47} = {26C6A1F9-D4A3-4394-9B85-6B020B15B649}
		{E199F807-184C-471C-9F53-CDE83C7007A0} = {F3B6609A-383A-44AF-A889-07F98B2490E4}
		{8D5AD1DE-415F-4972-A95D-2DB58F8380DC} = {F3B6609A-383A-44AF-A889-07F98B2490E4}
		{9308D152-875B-4DCB-97C8-EBF1FFD70E0F} = {F3B6609A-383A-44AF-A889-07F98B2490E4}
	EndGlobalSection
	GlobalSection(ExtensibilityGlobals) = postSolution
		SolutionGuid = {BE344FED-5712-45DC-A50A-949794B43FC1}
	EndGlobalSection
EndGlobal
