
Microsoft Visual Studio Solution File, Format Version 12.00
# Visual Studio 15
VisualStudioVersion = 15.0.27703.2000
MinimumVisualStudioVersion = 10.0.40219.1
Project("{FAE04EC0-301F-11D3-BF4B-00C04F79EFBC}") = "SSBakery.Android", "SSBakery.Android\SSBakery.Android.csproj", "{BC049E2B-428E-4E2F-BA60-46EE6D18B9F2}"
EndProject
Project("{FAE04EC0-301F-11D3-BF4B-00C04F79EFBC}") = "SSBakery.iOS", "SSBakery.iOS\SSBakery.iOS.csproj", "{DB38BD38-D00B-4B19-B547-B98B7551D18B}"
EndProject
Project("{9A19103F-16F7-4668-BE54-9A1E7A4F7556}") = "SSBakery.UI", "SSBakery\SSBakery.UI.csproj", "{9B8AD95F-353C-4565-87AF-B51A17F5D84F}"
EndProject
Project("{2150E333-8FDC-42A3-9474-1A3956D46DE8}") = "Tests", "Tests", "{26C6A1F9-D4A3-4394-9B85-6B020B15B649}"
EndProject
Project("{FAE04EC0-301F-11D3-BF4B-00C04F79EFBC}") = "SSBakery.Tests", "SSBakery.Tests\SSBakery.Tests.csproj", "{2E3DF5C2-8A38-4A03-86D7-8D463C917E47}"
EndProject
Project("{9A19103F-16F7-4668-BE54-9A1E7A4F7556}") = "SSBakery.Core", "SSBakery.Core\SSBakery.Core.csproj", "{44CE511A-0366-4A24-A0A5-A284328F8851}"
EndProject
Global
	GlobalSection(SolutionConfigurationPlatforms) = preSolution
		Debug|Any CPU = Debug|Any CPU
		Debug|iPhone = Debug|iPhone
		Debug|iPhoneSimulator = Debug|iPhoneSimulator
		Release|Any CPU = Release|Any CPU
		Release|iPhone = Release|iPhone
		Release|iPhoneSimulator = Release|iPhoneSimulator
	EndGlobalSection
	GlobalSection(ProjectConfigurationPlatforms) = postSolution
		{BC049E2B-428E-4E2F-BA60-46EE6D18B9F2}.Debug|Any CPU.ActiveCfg = Debug|Any CPU
		{BC049E2B-428E-4E2F-BA60-46EE6D18B9F2}.Debug|Any CPU.Build.0 = Debug|Any CPU
		{BC049E2B-428E-4E2F-BA60-46EE6D18B9F2}.Debug|Any CPU.Deploy.0 = Debug|Any CPU
		{BC049E2B-428E-4E2F-BA60-46EE6D18B9F2}.Debug|iPhone.ActiveCfg = Debug|Any CPU
		{BC049E2B-428E-4E2F-BA60-46EE6D18B9F2}.Debug|iPhone.Build.0 = Debug|Any CPU
		{BC049E2B-428E-4E2F-BA60-46EE6D18B9F2}.Debug|iPhone.Deploy.0 = Debug|Any CPU
		{BC049E2B-428E-4E2F-BA60-46EE6D18B9F2}.Debug|iPhoneSimulator.ActiveCfg = Debug|Any CPU
		{BC049E2B-428E-4E2F-BA60-46EE6D18B9F2}.Debug|iPhoneSimulator.Build.0 = Debug|Any CPU
		{BC049E2B-428E-4E2F-BA60-46EE6D18B9F2}.Debug|iPhoneSimulator.Deploy.0 = Debug|Any CPU
		{BC049E2B-428E-4E2F-BA60-46EE6D18B9F2}.Release|Any CPU.ActiveCfg = Release|Any CPU
		{BC049E2B-428E-4E2F-BA60-46EE6D18B9F2}.Release|Any CPU.Build.0 = Release|Any CPU
		{BC049E2B-428E-4E2F-BA60-46EE6D18B9F2}.Release|Any CPU.Deploy.0 = Release|Any CPU
		{BC049E2B-428E-4E2F-BA60-46EE6D18B9F2}.Release|iPhone.ActiveCfg = Release|Any CPU
		{BC049E2B-428E-4E2F-BA60-46EE6D18B9F2}.Release|iPhone.Build.0 = Release|Any CPU
		{BC049E2B-428E-4E2F-BA60-46EE6D18B9F2}.Release|iPhone.Deploy.0 = Release|Any CPU
		{BC049E2B-428E-4E2F-BA60-46EE6D18B9F2}.Release|iPhoneSimulator.ActiveCfg = Release|Any CPU
		{BC049E2B-428E-4E2F-BA60-46EE6D18B9F2}.Release|iPhoneSimulator.Build.0 = Release|Any CPU
		{BC049E2B-428E-4E2F-BA60-46EE6D18B9F2}.Release|iPhoneSimulator.Deploy.0 = Release|Any CPU
		{DB38BD38-D00B-4B19-B547-B98B7551D18B}.Debug|Any CPU.ActiveCfg = Debug|iPhoneSimulator
		{DB38BD38-D00B-4B19-B547-B98B7551D18B}.Debug|Any CPU.Build.0 = Debug|iPhoneSimulator
		{DB38BD38-D00B-4B19-B547-B98B7551D18B}.Debug|Any CPU.Deploy.0 = Debug|iPhoneSimulator
		{DB38BD38-D00B-4B19-B547-B98B7551D18B}.Debug|iPhone.ActiveCfg = Debug|iPhone
		{DB38BD38-D00B-4B19-B547-B98B7551D18B}.Debug|iPhone.Build.0 = Debug|iPhone
		{DB38BD38-D00B-4B19-B547-B98B7551D18B}.Debug|iPhone.Deploy.0 = Debug|iPhone
		{DB38BD38-D00B-4B19-B547-B98B7551D18B}.Debug|iPhoneSimulator.ActiveCfg = Debug|iPhoneSimulator
		{DB38BD38-D00B-4B19-B547-B98B7551D18B}.Debug|iPhoneSimulator.Build.0 = Debug|iPhoneSimulator
		{DB38BD38-D00B-4B19-B547-B98B7551D18B}.Debug|iPhoneSimulator.Deploy.0 = Debug|iPhoneSimulator
		{DB38BD38-D00B-4B19-B547-B98B7551D18B}.Release|Any CPU.ActiveCfg = Release|iPhone
		{DB38BD38-D00B-4B19-B547-B98B7551D18B}.Release|Any CPU.Build.0 = Release|iPhone
		{DB38BD38-D00B-4B19-B547-B98B7551D18B}.Release|Any CPU.Deploy.0 = Release|iPhone
		{DB38BD38-D00B-4B19-B547-B98B7551D18B}.Release|iPhone.ActiveCfg = Release|iPhone
		{DB38BD38-D00B-4B19-B547-B98B7551D18B}.Release|iPhone.Build.0 = Release|iPhone
		{DB38BD38-D00B-4B19-B547-B98B7551D18B}.Release|iPhone.Deploy.0 = Release|iPhone
		{DB38BD38-D00B-4B19-B547-B98B7551D18B}.Release|iPhoneSimulator.ActiveCfg = Release|iPhoneSimulator
		{DB38BD38-D00B-4B19-B547-B98B7551D18B}.Release|iPhoneSimulator.Build.0 = Release|iPhoneSimulator
		{DB38BD38-D00B-4B19-B547-B98B7551D18B}.Release|iPhoneSimulator.Deploy.0 = Release|iPhoneSimulator
		{9B8AD95F-353C-4565-87AF-B51A17F5D84F}.Debug|Any CPU.ActiveCfg = Debug|Any CPU
		{9B8AD95F-353C-4565-87AF-B51A17F5D84F}.Debug|Any CPU.Build.0 = Debug|Any CPU
		{9B8AD95F-353C-4565-87AF-B51A17F5D84F}.Debug|Any CPU.Deploy.0 = Debug|Any CPU
		{9B8AD95F-353C-4565-87AF-B51A17F5D84F}.Debug|iPhone.ActiveCfg = Debug|Any CPU
		{9B8AD95F-353C-4565-87AF-B51A17F5D84F}.Debug|iPhone.Build.0 = Debug|Any CPU
		{9B8AD95F-353C-4565-87AF-B51A17F5D84F}.Debug|iPhone.Deploy.0 = Debug|Any CPU
		{9B8AD95F-353C-4565-87AF-B51A17F5D84F}.Debug|iPhoneSimulator.ActiveCfg = Debug|Any CPU
		{9B8AD95F-353C-4565-87AF-B51A17F5D84F}.Debug|iPhoneSimulator.Build.0 = Debug|Any CPU
		{9B8AD95F-353C-4565-87AF-B51A17F5D84F}.Debug|iPhoneSimulator.Deploy.0 = Debug|Any CPU
		{9B8AD95F-353C-4565-87AF-B51A17F5D84F}.Release|Any CPU.ActiveCfg = Release|Any CPU
		{9B8AD95F-353C-4565-87AF-B51A17F5D84F}.Release|Any CPU.Build.0 = Release|Any CPU
		{9B8AD95F-353C-4565-87AF-B51A17F5D84F}.Release|Any CPU.Deploy.0 = Release|Any CPU
		{9B8AD95F-353C-4565-87AF-B51A17F5D84F}.Release|iPhone.ActiveCfg = Release|Any CPU
		{9B8AD95F-353C-4565-87AF-B51A17F5D84F}.Release|iPhone.Build.0 = Release|Any CPU
		{9B8AD95F-353C-4565-87AF-B51A17F5D84F}.Release|iPhone.Deploy.0 = Release|Any CPU
		{9B8AD95F-353C-4565-87AF-B51A17F5D84F}.Release|iPhoneSimulator.ActiveCfg = Release|Any CPU
		{9B8AD95F-353C-4565-87AF-B51A17F5D84F}.Release|iPhoneSimulator.Build.0 = Release|Any CPU
		{9B8AD95F-353C-4565-87AF-B51A17F5D84F}.Release|iPhoneSimulator.Deploy.0 = Release|Any CPU
		{2E3DF5C2-8A38-4A03-86D7-8D463C917E47}.Debug|Any CPU.ActiveCfg = Debug|Any CPU
		{2E3DF5C2-8A38-4A03-86D7-8D463C917E47}.Debug|Any CPU.Build.0 = Debug|Any CPU
		{2E3DF5C2-8A38-4A03-86D7-8D463C917E47}.Debug|iPhone.ActiveCfg = Debug|Any CPU
		{2E3DF5C2-8A38-4A03-86D7-8D463C917E47}.Debug|iPhone.Build.0 = Debug|Any CPU
		{2E3DF5C2-8A38-4A03-86D7-8D463C917E47}.Debug|iPhoneSimulator.ActiveCfg = Debug|Any CPU
		{2E3DF5C2-8A38-4A03-86D7-8D463C917E47}.Debug|iPhoneSimulator.Build.0 = Debug|Any CPU
		{2E3DF5C2-8A38-4A03-86D7-8D463C917E47}.Release|Any CPU.ActiveCfg = Release|Any CPU
		{2E3DF5C2-8A38-4A03-86D7-8D463C917E47}.Release|Any CPU.Build.0 = Release|Any CPU
		{2E3DF5C2-8A38-4A03-86D7-8D463C917E47}.Release|iPhone.ActiveCfg = Release|Any CPU
		{2E3DF5C2-8A38-4A03-86D7-8D463C917E47}.Release|iPhone.Build.0 = Release|Any CPU
		{2E3DF5C2-8A38-4A03-86D7-8D463C917E47}.Release|iPhoneSimulator.ActiveCfg = Release|Any CPU
		{2E3DF5C2-8A38-4A03-86D7-8D463C917E47}.Release|iPhoneSimulator.Build.0 = Release|Any CPU
		{44CE511A-0366-4A24-A0A5-A284328F8851}.Debug|Any CPU.ActiveCfg = Debug|Any CPU
		{44CE511A-0366-4A24-A0A5-A284328F8851}.Debug|Any CPU.Build.0 = Debug|Any CPU
		{44CE511A-0366-4A24-A0A5-A284328F8851}.Debug|iPhone.ActiveCfg = Debug|Any CPU
		{44CE511A-0366-4A24-A0A5-A284328F8851}.Debug|iPhone.Build.0 = Debug|Any CPU
		{44CE511A-0366-4A24-A0A5-A284328F8851}.Debug|iPhoneSimulator.ActiveCfg = Debug|Any CPU
		{44CE511A-0366-4A24-A0A5-A284328F8851}.Debug|iPhoneSimulator.Build.0 = Debug|Any CPU
		{44CE511A-0366-4A24-A0A5-A284328F8851}.Release|Any CPU.ActiveCfg = Release|Any CPU
		{44CE511A-0366-4A24-A0A5-A284328F8851}.Release|Any CPU.Build.0 = Release|Any CPU
		{44CE511A-0366-4A24-A0A5-A284328F8851}.Release|iPhone.ActiveCfg = Release|Any CPU
		{44CE511A-0366-4A24-A0A5-A284328F8851}.Release|iPhone.Build.0 = Release|Any CPU
		{44CE511A-0366-4A24-A0A5-A284328F8851}.Release|iPhoneSimulator.ActiveCfg = Release|Any CPU
		{44CE511A-0366-4A24-A0A5-A284328F8851}.Release|iPhoneSimulator.Build.0 = Release|Any CPU
	EndGlobalSection
	GlobalSection(SolutionProperties) = preSolution
		HideSolutionNode = FALSE
	EndGlobalSection
	GlobalSection(NestedProjects) = preSolution
		{2E3DF5C2-8A38-4A03-86D7-8D463C917E47} = {26C6A1F9-D4A3-4394-9B85-6B020B15B649}
	EndGlobalSection
	GlobalSection(ExtensibilityGlobals) = postSolution
		SolutionGuid = {BE344FED-5712-45DC-A50A-949794B43FC1}
	EndGlobalSection
EndGlobal
